# This file is automatically @generated by Cargo.
# It is not intended for manual editing.
version = 3

[[package]]
name = "create-bitcoin-transaction"
version = "0.1.0"
dependencies = [
 "hex-utilities",
]

[[package]]
name = "hex-utilities"
version = "0.1.3"
source = "registry+https://github.com/rust-lang/crates.io-index"
checksum = "6f6baf4a28f66596d2a64584f67086903d75baae09d80bae2291f6f77f5207c7"
